// !$*UTF8*$!
{
	archiveVersion = 1;
	classes = {
	};
	objectVersion = 50;
	objects = {

/* Begin PBXBuildFile section */
		1A8A121926AEB81C0035868F /* AppDelegate.swift in Sources */ = {isa = PBXBuildFile; fileRef = 1A8A121826AEB81C0035868F /* AppDelegate.swift */; };
		1A8A121B26AEB81C0035868F /* SceneDelegate.swift in Sources */ = {isa = PBXBuildFile; fileRef = 1A8A121A26AEB81C0035868F /* SceneDelegate.swift */; };
		1A8A121D26AEB81C0035868F /* ViewController.swift in Sources */ = {isa = PBXBuildFile; fileRef = 1A8A121C26AEB81C0035868F /* ViewController.swift */; };
		1A8A122026AEB81C0035868F /* Main.storyboard in Resources */ = {isa = PBXBuildFile; fileRef = 1A8A121E26AEB81C0035868F /* Main.storyboard */; };
		1A8A122226AEB81F0035868F /* Assets.xcassets in Resources */ = {isa = PBXBuildFile; fileRef = 1A8A122126AEB81F0035868F /* Assets.xcassets */; };
		1A8A122526AEB81F0035868F /* LaunchScreen.storyboard in Resources */ = {isa = PBXBuildFile; fileRef = 1A8A122326AEB81F0035868F /* LaunchScreen.storyboard */; };
		272E13DD1845B02E43704A47 /* Pods_ZYVisionDetector.framework in Frameworks */ = {isa = PBXBuildFile; fileRef = 49794DC55DB61BDB086E75DA /* Pods_ZYVisionDetector.framework */; };
/* End PBXBuildFile section */

/* Begin PBXFileReference section */
		1A8A121526AEB81C0035868F /* ZYVisionDetector.app */ = {isa = PBXFileReference; explicitFileType = wrapper.application; includeInIndex = 0; path = ZYVisionDetector.app; sourceTree = BUILT_PRODUCTS_DIR; };
		1A8A121826AEB81C0035868F /* AppDelegate.swift */ = {isa = PBXFileReference; lastKnownFileType = sourcecode.swift; path = AppDelegate.swift; sourceTree = "<group>"; };
		1A8A121A26AEB81C0035868F /* SceneDelegate.swift */ = {isa = PBXFileReference; lastKnownFileType = sourcecode.swift; path = SceneDelegate.swift; sourceTree = "<group>"; };
		1A8A121C26AEB81C0035868F /* ViewController.swift */ = {isa = PBXFileReference; lastKnownFileType = sourcecode.swift; path = ViewController.swift; sourceTree = "<group>"; };
		1A8A121F26AEB81C0035868F /* Base */ = {isa = PBXFileReference; lastKnownFileType = file.storyboard; name = Base; path = Base.lproj/Main.storyboard; sourceTree = "<group>"; };
		1A8A122126AEB81F0035868F /* Assets.xcassets */ = {isa = PBXFileReference; lastKnownFileType = folder.assetcatalog; path = Assets.xcassets; sourceTree = "<group>"; };
		1A8A122426AEB81F0035868F /* Base */ = {isa = PBXFileReference; lastKnownFileType = file.storyboard; name = Base; path = Base.lproj/LaunchScreen.storyboard; sourceTree = "<group>"; };
		1A8A122626AEB81F0035868F /* Info.plist */ = {isa = PBXFileReference; lastKnownFileType = text.plist.xml; path = Info.plist; sourceTree = "<group>"; };
		49794DC55DB61BDB086E75DA /* Pods_ZYVisionDetector.framework */ = {isa = PBXFileReference; explicitFileType = wrapper.framework; includeInIndex = 0; path = Pods_ZYVisionDetector.framework; sourceTree = BUILT_PRODUCTS_DIR; };
		76806450BB02A1F20E396EF3 /* Pods-ZYVisionDetector.debug.xcconfig */ = {isa = PBXFileReference; includeInIndex = 1; lastKnownFileType = text.xcconfig; name = "Pods-ZYVisionDetector.debug.xcconfig"; path = "Target Support Files/Pods-ZYVisionDetector/Pods-ZYVisionDetector.debug.xcconfig"; sourceTree = "<group>"; };
		B8171458D24CD6FCA154558E /* Pods-ZYVisionDetector.release.xcconfig */ = {isa = PBXFileReference; includeInIndex = 1; lastKnownFileType = text.xcconfig; name = "Pods-ZYVisionDetector.release.xcconfig"; path = "Target Support Files/Pods-ZYVisionDetector/Pods-ZYVisionDetector.release.xcconfig"; sourceTree = "<group>"; };
/* End PBXFileReference section */

/* Begin PBXFrameworksBuildPhase section */
		1A8A121226AEB81C0035868F /* Frameworks */ = {
			isa = PBXFrameworksBuildPhase;
			buildActionMask = 2147483647;
			files = (
				272E13DD1845B02E43704A47 /* Pods_ZYVisionDetector.framework in Frameworks */,
			);
			runOnlyForDeploymentPostprocessing = 0;
		};
/* End PBXFrameworksBuildPhase section */

/* Begin PBXGroup section */
		1A8A120C26AEB81C0035868F = {
			isa = PBXGroup;
			children = (
				1A8A121726AEB81C0035868F /* ZYVisionDetector */,
				1A8A121626AEB81C0035868F /* Products */,
				3532E4A9A42E2175BC4B5ACA /* Pods */,
				995389898A5F243A5FEB978C /* Frameworks */,
			);
			sourceTree = "<group>";
		};
		1A8A121626AEB81C0035868F /* Products */ = {
			isa = PBXGroup;
			children = (
				1A8A121526AEB81C0035868F /* ZYVisionDetector.app */,
			);
			name = Products;
			sourceTree = "<group>";
		};
		1A8A121726AEB81C0035868F /* ZYVisionDetector */ = {
			isa = PBXGroup;
			children = (
				1A8A121826AEB81C0035868F /* AppDelegate.swift */,
				1A8A121A26AEB81C0035868F /* SceneDelegate.swift */,
				1A8A121C26AEB81C0035868F /* ViewController.swift */,
				1A8A121E26AEB81C0035868F /* Main.storyboard */,
				1A8A122126AEB81F0035868F /* Assets.xcassets */,
				1A8A122326AEB81F0035868F /* LaunchScreen.storyboard */,
				1A8A122626AEB81F0035868F /* Info.plist */,
			);
			path = ZYVisionDetector;
			sourceTree = "<group>";
		};
		3532E4A9A42E2175BC4B5ACA /* Pods */ = {
			isa = PBXGroup;
			children = (
				76806450BB02A1F20E396EF3 /* Pods-ZYVisionDetector.debug.xcconfig */,
				B8171458D24CD6FCA154558E /* Pods-ZYVisionDetector.release.xcconfig */,
			);
			name = Pods;
			path = Pods;
			sourceTree = "<group>";
		};
		995389898A5F243A5FEB978C /* Frameworks */ = {
			isa = PBXGroup;
			children = (
				49794DC55DB61BDB086E75DA /* Pods_ZYVisionDetector.framework */,
			);
			name = Frameworks;
			sourceTree = "<group>";
		};
/* End PBXGroup section */

/* Begin PBXNativeTarget section */
		1A8A121426AEB81C0035868F /* ZYVisionDetector */ = {
			isa = PBXNativeTarget;
			buildConfigurationList = 1A8A122926AEB81F0035868F /* Build configuration list for PBXNativeTarget "ZYVisionDetector" */;
			buildPhases = (
				51F8867EFF8465BFDFA701F3 /* [CP] Check Pods Manifest.lock */,
				1A8A121126AEB81C0035868F /* Sources */,
				1A8A121226AEB81C0035868F /* Frameworks */,
				1A8A121326AEB81C0035868F /* Resources */,
			);
			buildRules = (
			);
			dependencies = (
			);
			name = ZYVisionDetector;
			productName = ZYVisionDetector;
			productReference = 1A8A121526AEB81C0035868F /* ZYVisionDetector.app */;
			productType = "com.apple.product-type.application";
		};
/* End PBXNativeTarget section */

/* Begin PBXProject section */
		1A8A120D26AEB81C0035868F /* Project object */ = {
			isa = PBXProject;
			attributes = {
				LastSwiftUpdateCheck = 1250;
				LastUpgradeCheck = 1250;
				TargetAttributes = {
					1A8A121426AEB81C0035868F = {
						CreatedOnToolsVersion = 12.5;
					};
				};
			};
			buildConfigurationList = 1A8A121026AEB81C0035868F /* Build configuration list for PBXProject "ZYVisionDetector" */;
			compatibilityVersion = "Xcode 9.3";
			developmentRegion = en;
			hasScannedForEncodings = 0;
			knownRegions = (
				en,
				Base,
			);
			mainGroup = 1A8A120C26AEB81C0035868F;
			productRefGroup = 1A8A121626AEB81C0035868F /* Products */;
			projectDirPath = "";
			projectRoot = "";
			targets = (
				1A8A121426AEB81C0035868F /* ZYVisionDetector */,
			);
		};
/* End PBXProject section */

/* Begin PBXResourcesBuildPhase section */
		1A8A121326AEB81C0035868F /* Resources */ = {
			isa = PBXResourcesBuildPhase;
			buildActionMask = 2147483647;
			files = (
				1A8A122526AEB81F0035868F /* LaunchScreen.storyboard in Resources */,
				1A8A122226AEB81F0035868F /* Assets.xcassets in Resources */,
				1A8A122026AEB81C0035868F /* Main.storyboard in Resources */,
			);
			runOnlyForDeploymentPostprocessing = 0;
		};
/* End PBXResourcesBuildPhase section */

/* Begin PBXShellScriptBuildPhase section */
		51F8867EFF8465BFDFA701F3 /* [CP] Check Pods Manifest.lock */ = {
			isa = PBXShellScriptBuildPhase;
			buildActionMask = 2147483647;
			files = (
			);
			inputFileListPaths = (
			);
			inputPaths = (
				"${PODS_PODFILE_DIR_PATH}/Podfile.lock",
				"${PODS_ROOT}/Manifest.lock",
			);
			name = "[CP] Check Pods Manifest.lock";
			outputFileListPaths = (
			);
			outputPaths = (
				"$(DERIVED_FILE_DIR)/Pods-ZYVisionDetector-checkManifestLockResult.txt",
			);
			runOnlyForDeploymentPostprocessing = 0;
			shellPath = /bin/sh;
			shellScript = "diff \"${PODS_PODFILE_DIR_PATH}/Podfile.lock\" \"${PODS_ROOT}/Manifest.lock\" > /dev/null\nif [ $? != 0 ] ; then\n    # print error to STDERR\n    echo \"error: The sandbox is not in sync with the Podfile.lock. Run 'pod install' or update your CocoaPods installation.\" >&2\n    exit 1\nfi\n# This output is used by Xcode 'outputs' to avoid re-running this script phase.\necho \"SUCCESS\" > \"${SCRIPT_OUTPUT_FILE_0}\"\n";
			showEnvVarsInLog = 0;
		};
/* End PBXShellScriptBuildPhase section */

/* Begin PBXSourcesBuildPhase section */
		1A8A121126AEB81C0035868F /* Sources */ = {
			isa = PBXSourcesBuildPhase;
			buildActionMask = 2147483647;
			files = (
				1A8A121D26AEB81C0035868F /* ViewController.swift in Sources */,
				1A8A121926AEB81C0035868F /* AppDelegate.swift in Sources */,
				1A8A121B26AEB81C0035868F /* SceneDelegate.swift in Sources */,
			);
			runOnlyForDeploymentPostprocessing = 0;
		};
/* End PBXSourcesBuildPhase section */

/* Begin PBXVariantGroup section */
		1A8A121E26AEB81C0035868F /* Main.storyboard */ = {
			isa = PBXVariantGroup;
			children = (
				1A8A121F26AEB81C0035868F /* Base */,
			);
			name = Main.storyboard;
			sourceTree = "<group>";
		};
		1A8A122326AEB81F0035868F /* LaunchScreen.storyboard */ = {
			isa = PBXVariantGroup;
			children = (
				1A8A122426AEB81F0035868F /* Base */,
			);
			name = LaunchScreen.storyboard;
			sourceTree = "<group>";
		};
/* End PBXVariantGroup section */

/* Begin XCBuildConfiguration section */
		1A8A122726AEB81F0035868F /* Debug */ = {
			isa = XCBuildConfiguration;
			buildSettings = {
				ALWAYS_SEARCH_USER_PATHS = NO;
				CLANG_ANALYZER_NONNULL = YES;
				CLANG_ANALYZER_NUMBER_OBJECT_CONVERSION = YES_AGGRESSIVE;
				CLANG_CXX_LANGUAGE_STANDARD = "gnu++14";
				CLANG_CXX_LIBRARY = "libc++";
				CLANG_ENABLE_MODULES = YES;
				CLANG_ENABLE_OBJC_ARC = YES;
				CLANG_ENABLE_OBJC_WEAK = YES;
				CLANG_WARN_BLOCK_CAPTURE_AUTORELEASING = YES;
				CLANG_WARN_BOOL_CONVERSION = YES;
				CLANG_WARN_COMMA = YES;
				CLANG_WARN_CONSTANT_CONVERSION = YES;
				CLANG_WARN_DEPRECATED_OBJC_IMPLEMENTATIONS = YES;
				CLANG_WARN_DIRECT_OBJC_ISA_USAGE = YES_ERROR;
				CLANG_WARN_DOCUMENTATION_COMMENTS = YES;
				CLANG_WARN_EMPTY_BODY = YES;
				CLANG_WARN_ENUM_CONVERSION = YES;
				CLANG_WARN_INFINITE_RECURSION = YES;
				CLANG_WARN_INT_CONVERSION = YES;
				CLANG_WARN_NON_LITERAL_NULL_CONVERSION = YES;
				CLANG_WARN_OBJC_IMPLICIT_RETAIN_SELF = YES;
				CLANG_WARN_OBJC_LITERAL_CONVERSION = YES;
				CLANG_WARN_OBJC_ROOT_CLASS = YES_ERROR;
				CLANG_WARN_QUOTED_INCLUDE_IN_FRAMEWORK_HEADER = YES;
				CLANG_WARN_RANGE_LOOP_ANALYSIS = YES;
				CLANG_WARN_STRICT_PROTOTYPES = YES;
				CLANG_WARN_SUSPICIOUS_MOVE = YES;
				CLANG_WARN_UNGUARDED_AVAILABILITY = YES_AGGRESSIVE;
				CLANG_WARN_UNREACHABLE_CODE = YES;
				CLANG_WARN__DUPLICATE_METHOD_MATCH = YES;
				COPY_PHASE_STRIP = NO;
				DEBUG_INFORMATION_FORMAT = dwarf;
				ENABLE_STRICT_OBJC_MSGSEND = YES;
				ENABLE_TESTABILITY = YES;
				GCC_C_LANGUAGE_STANDARD = gnu11;
				GCC_DYNAMIC_NO_PIC = NO;
				GCC_NO_COMMON_BLOCKS = YES;
				GCC_OPTIMIZATION_LEVEL = 0;
				GCC_PREPROCESSOR_DEFINITIONS = (
					"DEBUG=1",
					"$(inherited)",
				);
				GCC_WARN_64_TO_32_BIT_CONVERSION = YES;
				GCC_WARN_ABOUT_RETURN_TYPE = YES_ERROR;
				GCC_WARN_UNDECLARED_SELECTOR = YES;
				GCC_WARN_UNINITIALIZED_AUTOS = YES_AGGRESSIVE;
				GCC_WARN_UNUSED_FUNCTION = YES;
				GCC_WARN_UNUSED_VARIABLE = YES;
				IPHONEOS_DEPLOYMENT_TARGET = 14.5;
				MTL_ENABLE_DEBUG_INFO = INCLUDE_SOURCE;
				MTL_FAST_MATH = YES;
				ONLY_ACTIVE_ARCH = YES;
				SDKROOT = iphoneos;
				SWIFT_ACTIVE_COMPILATION_CONDITIONS = DEBUG;
				SWIFT_OPTIMIZATION_LEVEL = "-Onone";
			};
			name = Debug;
		};
		1A8A122826AEB81F0035868F /* Release */ = {
			isa = XCBuildConfiguration;
			buildSettings = {
				ALWAYS_SEARCH_USER_PATHS = NO;
				CLANG_ANALYZER_NONNULL = YES;
				CLANG_ANALYZER_NUMBER_OBJECT_CONVERSION = YES_AGGRESSIVE;
				CLANG_CXX_LANGUAGE_STANDARD = "gnu++14";
				CLANG_CXX_LIBRARY = "libc++";
				CLANG_ENABLE_MODULES = YES;
				CLANG_ENABLE_OBJC_ARC = YES;
				CLANG_ENABLE_OBJC_WEAK = YES;
				CLANG_WARN_BLOCK_CAPTURE_AUTORELEASING = YES;
				CLANG_WARN_BOOL_CONVERSION = YES;
				CLANG_WARN_COMMA = YES;
				CLANG_WARN_CONSTANT_CONVERSION = YES;
				CLANG_WARN_DEPRECATED_OBJC_IMPLEMENTATIONS = YES;
				CLANG_WARN_DIRECT_OBJC_ISA_USAGE = YES_ERROR;
				CLANG_WARN_DOCUMENTATION_COMMENTS = YES;
				CLANG_WARN_EMPTY_BODY = YES;
				CLANG_WARN_ENUM_CONVERSION = YES;
				CLANG_WARN_INFINITE_RECURSION = YES;
				CLANG_WARN_INT_CONVERSION = YES;
				CLANG_WARN_NON_LITERAL_NULL_CONVERSION = YES;
				CLANG_WARN_OBJC_IMPLICIT_RETAIN_SELF = YES;
				CLANG_WARN_OBJC_LITERAL_CONVERSION = YES;
				CLANG_WARN_OBJC_ROOT_CLASS = YES_ERROR;
				CLANG_WARN_QUOTED_INCLUDE_IN_FRAMEWORK_HEADER = YES;
				CLANG_WARN_RANGE_LOOP_ANALYSIS = YES;
				CLANG_WARN_STRICT_PROTOTYPES = YES;
				CLANG_WARN_SUSPICIOUS_MOVE = YES;
				CLANG_WARN_UNGUARDED_AVAILABILITY = YES_AGGRESSIVE;
				CLANG_WARN_UNREACHABLE_CODE = YES;
				CLANG_WARN__DUPLICATE_METHOD_MATCH = YES;
				COPY_PHASE_STRIP = NO;
				DEBUG_INFORMATION_FORMAT = "dwarf-with-dsym";
				ENABLE_NS_ASSERTIONS = NO;
				ENABLE_STRICT_OBJC_MSGSEND = YES;
				GCC_C_LANGUAGE_STANDARD = gnu11;
				GCC_NO_COMMON_BLOCKS = YES;
				GCC_WARN_64_TO_32_BIT_CONVERSION = YES;
				GCC_WARN_ABOUT_RETURN_TYPE = YES_ERROR;
				GCC_WARN_UNDECLARED_SELECTOR = YES;
				GCC_WARN_UNINITIALIZED_AUTOS = YES_AGGRESSIVE;
				GCC_WARN_UNUSED_FUNCTION = YES;
				GCC_WARN_UNUSED_VARIABLE = YES;
				IPHONEOS_DEPLOYMENT_TARGET = 14.5;
				MTL_ENABLE_DEBUG_INFO = NO;
				MTL_FAST_MATH = YES;
				SDKROOT = iphoneos;
				SWIFT_COMPILATION_MODE = wholemodule;
				SWIFT_OPTIMIZATION_LEVEL = "-O";
				VALIDATE_PRODUCT = YES;
			};
			name = Release;
		};
		1A8A122A26AEB81F0035868F /* Debug */ = {
			isa = XCBuildConfiguration;
			baseConfigurationReference = 76806450BB02A1F20E396EF3 /* Pods-ZYVisionDetector.debug.xcconfig */;
			buildSettings = {
				ASSETCATALOG_COMPILER_APPICON_NAME = AppIcon;
				ASSETCATALOG_COMPILER_GLOBAL_ACCENT_COLOR_NAME = AccentColor;
				CODE_SIGN_STYLE = Automatic;
				INFOPLIST_FILE = ZYVisionDetector/Info.plist;
				LD_RUNPATH_SEARCH_PATHS = (
					"$(inherited)",
					"@executable_path/Frameworks",
				);
				PRODUCT_BUNDLE_IDENTIFIER = com.nigo.ZYVisionDetector;
				PRODUCT_NAME = "$(TARGET_NAME)";
				SWIFT_VERSION = 5.0;
				TARGETED_DEVICE_FAMILY = "1,2";
			};
			name = Debug;
		};
		1A8A122B26AEB81F0035868F /* Release */ = {
			isa = XCBuildConfiguration;
			baseConfigurationReference = B8171458D24CD6FCA154558E /* Pods-ZYVisionDetector.release.xcconfig */;
			buildSettings = {
				ASSETCATALOG_COMPILER_APPICON_NAME = AppIcon;
				ASSETCATALOG_COMPILER_GLOBAL_ACCENT_COLOR_NAME = AccentColor;
				CODE_SIGN_STYLE = Automatic;
				INFOPLIST_FILE = ZYVisionDetector/Info.plist;
				LD_RUNPATH_SEARCH_PATHS = (
					"$(inherited)",
					"@executable_path/Frameworks",
				);
				PRODUCT_BUNDLE_IDENTIFIER = com.nigo.ZYVisionDetector;
				PRODUCT_NAME = "$(TARGET_NAME)";
				SWIFT_VERSION = 5.0;
				TARGETED_DEVICE_FAMILY = "1,2";
			};
			name = Release;
		};
/* End XCBuildConfiguration section */

/* Begin XCConfigurationList section */
		1A8A121026AEB81C0035868F /* Build configuration list for PBXProject "ZYVisionDetector" */ = {
			isa = XCConfigurationList;
			buildConfigurations = (
				1A8A122726AEB81F0035868F /* Debug */,
				1A8A122826AEB81F0035868F /* Release */,
			);
			defaultConfigurationIsVisible = 0;
			defaultConfigurationName = Release;
		};
		1A8A122926AEB81F0035868F /* Build configuration list for PBXNativeTarget "ZYVisionDetector" */ = {
			isa = XCConfigurationList;
			buildConfigurations = (
				1A8A122A26AEB81F0035868F /* Debug */,
				1A8A122B26AEB81F0035868F /* Release */,
			);
			defaultConfigurationIsVisible = 0;
			defaultConfigurationName = Release;
		};
/* End XCConfigurationList section */
	};
	rootObject = 1A8A120D26AEB81C0035868F /* Project object */;
}
